# This file is automatically @generated by Poetry 1.8.2 and should not be changed by hand.

[[package]]
name = "certifi"
version = "2024.2.2"
description = "Python package for providing Mozilla's CA Bundle."
optional = false
python-versions = ">=3.6"
files = [
    {file = "certifi-2024.2.2-py3-none-any.whl", hash = "sha256:dc383c07b76109f368f6106eee2b593b04a011ea4d55f652c6ca24a754d1cdd1"},
    {file = "certifi-2024.2.2.tar.gz", hash = "sha256:0569859f95fc761b18b45ef421b1290a0f65f147e92a1e5eb3e635f9a5e4e66f"},
]

[[package]]
name = "elastic-transport"
version = "8.13.0"
description = "Transport classes and utilities shared among Python Elastic client libraries"
optional = false
python-versions = ">=3.7"
files = [
    {file = "elastic-transport-8.13.0.tar.gz", hash = "sha256:2410ec1ff51221e8b3a01c0afa9f0d0498e1386a269283801f5c12f98e42dc45"},
    {file = "elastic_transport-8.13.0-py3-none-any.whl", hash = "sha256:aec890afdddd057762b27ff3553b0be8fa4673ec1a4fd922dfbd00325874bb3d"},
]

[package.dependencies]
certifi = "*"
urllib3 = ">=1.26.2,<3"

[package.extras]
develop = ["aiohttp", "furo", "httpx", "mock", "opentelemetry-api", "opentelemetry-sdk", "orjson", "pytest", "pytest-asyncio", "pytest-cov", "pytest-httpserver", "pytest-mock", "requests", "respx", "sphinx (>2)", "sphinx-autodoc-typehints", "trustme"]

[[package]]
name = "elasticsearch"
version = "8.13.1"
description = "Python client for Elasticsearch"
optional = false
python-versions = ">=3.7"
files = [
    {file = "elasticsearch-8.13.1-py3-none-any.whl", hash = "sha256:ba2b3f8b30a7a81beae690f1cede52fbcfd29baf3ef5bb028d4fa86972feebd8"},
    {file = "elasticsearch-8.13.1.tar.gz", hash = "sha256:1594d2d1293672db62525bc4688d86cdaf118db0f901808db28dc90ad19b81e1"},
]

[package.dependencies]
elastic-transport = ">=8.13,<9"

[package.extras]
async = ["aiohttp (>=3,<4)"]
orjson = ["orjson (>=3)"]
requests = ["requests (>=2.4.0,<3.0.0)"]
vectorstore-mmr = ["numpy (>=1)", "simsimd (>=3)"]

[[package]]
name = "python-dotenv"
version = "1.0.1"
description = "Read key-value pairs from a .env file and set them as environment variables"
optional = false
python-versions = ">=3.8"
files = [
    {file = "python-dotenv-1.0.1.tar.gz", hash = "sha256:e324ee90a023d808f1959c46bcbc04446a10ced277783dc6ee09987c37ec10ca"},
    {file = "python_dotenv-1.0.1-py3-none-any.whl", hash = "sha256:f7b63ef50f1b690dddf550d03497b66d609393b40b564ed0d674909a68ebf16a"},
]

[package.extras]
cli = ["click (>=5.0)"]

[[package]]
name = "urllib3"
version = "2.2.1"
description = "HTTP library with thread-safe connection pooling, file post, and more."
optional = false
python-versions = ">=3.8"
files = [
    {file = "urllib3-2.2.1-py3-none-any.whl", hash = "sha256:450b20ec296a467077128bff42b73080516e71b56ff59a60a02bef2232c4fa9d"},
    {file = "urllib3-2.2.1.tar.gz", hash = "sha256:d0570876c61ab9e520d776c38acbbb5b05a776d3f9ff98a5c8fd5162a444cf19"},
]

[package.extras]
brotli = ["brotli (>=1.0.9)", "brotlicffi (>=0.8.0)"]
h2 = ["h2 (>=4,<5)"]
socks = ["pysocks (>=1.5.6,!=1.5.7,<2.0)"]
zstd = ["zstandard (>=0.18.0)"]

[metadata]
lock-version = "2.0"
python-versions = "^3.12"
content-hash = "d2b845cca4f9e117437c5bdcee22df85bacd7cb4e432c2f564690a0d5f4a0816"
